{
  "object": {
    "pins": [
      {
        "package": "Cuckoo",
        "repositoryURL": "https://github.com/Brightify/Cuckoo",
        "state": {
          "branch": null,
          "revision": "475322e609d009c284464c886ca08cfe421137a9",
          "version": "1.10.3"
        }
      }
    ]
  },
  "version": 1
}
