// !$*UTF8*$!
{
	archiveVersion = 1;
	classes = {
	};
	objectVersion = 56;
	objects = {

/* Begin PBXBuildFile section */
		07939F912A343B8D00DFA8BB /* Aespa_iOS_testApp.swift in Sources */ = {isa = PBXBuildFile; fileRef = 07939F902A343B8D00DFA8BB /* Aespa_iOS_testApp.swift */; };
		07939F932A343B8D00DFA8BB /* ContentView.swift in Sources */ = {isa = PBXBuildFile; fileRef = 07939F922A343B8D00DFA8BB /* ContentView.swift */; };
		07939F952A343B8E00DFA8BB /* Assets.xcassets in Resources */ = {isa = PBXBuildFile; fileRef = 07939F942A343B8E00DFA8BB /* Assets.xcassets */; };
		07939F982A343B8E00DFA8BB /* Preview Assets.xcassets in Resources */ = {isa = PBXBuildFile; fileRef = 07939F972A343B8E00DFA8BB /* Preview Assets.xcassets */; };
		07F359B12A34449B00F4EF16 /* Aespa in Frameworks */ = {isa = PBXBuildFile; productRef = 07F359B02A34449B00F4EF16 /* Aespa */; };
		07F359B82A347CA400F4EF16 /* Cuckoo in Frameworks */ = {isa = PBXBuildFile; productRef = 07F359B72A347CA400F4EF16 /* Cuckoo */; };
		07F359BA2A347DF600F4EF16 /* GeneratedMocks.swift in Sources */ = {isa = PBXBuildFile; fileRef = 07F359B92A347DF600F4EF16 /* GeneratedMocks.swift */; };
		07F359BE2A3489C000F4EF16 /* SessionTunerTests.swift in Sources */ = {isa = PBXBuildFile; fileRef = 07F359BD2A3489C000F4EF16 /* SessionTunerTests.swift */; };
/* End PBXBuildFile section */

/* Begin PBXContainerItemProxy section */
		07939F9E2A343B8E00DFA8BB /* PBXContainerItemProxy */ = {
			isa = PBXContainerItemProxy;
			containerPortal = 07939F852A343B8D00DFA8BB /* Project object */;
			proxyType = 1;
			remoteGlobalIDString = 07939F8C2A343B8D00DFA8BB;
			remoteInfo = "Aespa-iOS-test";
		};
		07939FA82A343B8E00DFA8BB /* PBXContainerItemProxy */ = {
			isa = PBXContainerItemProxy;
			containerPortal = 07939F852A343B8D00DFA8BB /* Project object */;
			proxyType = 1;
			remoteGlobalIDString = 07939F8C2A343B8D00DFA8BB;
			remoteInfo = "Aespa-iOS-test";
		};
/* End PBXContainerItemProxy section */

/* Begin PBXFileReference section */
		07939F8D2A343B8D00DFA8BB /* Aespa-iOS-test.app */ = {isa = PBXFileReference; explicitFileType = wrapper.application; includeInIndex = 0; path = "Aespa-iOS-test.app"; sourceTree = BUILT_PRODUCTS_DIR; };
		07939F902A343B8D00DFA8BB /* Aespa_iOS_testApp.swift */ = {isa = PBXFileReference; lastKnownFileType = sourcecode.swift; path = Aespa_iOS_testApp.swift; sourceTree = "<group>"; };
		07939F922A343B8D00DFA8BB /* ContentView.swift */ = {isa = PBXFileReference; lastKnownFileType = sourcecode.swift; path = ContentView.swift; sourceTree = "<group>"; };
		07939F942A343B8E00DFA8BB /* Assets.xcassets */ = {isa = PBXFileReference; lastKnownFileType = folder.assetcatalog; path = Assets.xcassets; sourceTree = "<group>"; };
		07939F972A343B8E00DFA8BB /* Preview Assets.xcassets */ = {isa = PBXFileReference; lastKnownFileType = folder.assetcatalog; path = "Preview Assets.xcassets"; sourceTree = "<group>"; };
		07939F9D2A343B8E00DFA8BB /* Aespa-iOS-testTests.xctest */ = {isa = PBXFileReference; explicitFileType = wrapper.cfbundle; includeInIndex = 0; path = "Aespa-iOS-testTests.xctest"; sourceTree = BUILT_PRODUCTS_DIR; };
		07939FA72A343B8E00DFA8BB /* Aespa-iOS-testUITests.xctest */ = {isa = PBXFileReference; explicitFileType = wrapper.cfbundle; includeInIndex = 0; path = "Aespa-iOS-testUITests.xctest"; sourceTree = BUILT_PRODUCTS_DIR; };
		0795E11E2A35A0E9001AD4DC /* Aespa */ = {isa = PBXFileReference; lastKnownFileType = wrapper; name = Aespa; path = ..; sourceTree = "<group>"; };
		07F359B92A347DF600F4EF16 /* GeneratedMocks.swift */ = {isa = PBXFileReference; fileEncoding = 4; lastKnownFileType = sourcecode.swift; path = GeneratedMocks.swift; sourceTree = "<group>"; };
		07F359BD2A3489C000F4EF16 /* SessionTunerTests.swift */ = {isa = PBXFileReference; lastKnownFileType = sourcecode.swift; path = SessionTunerTests.swift; sourceTree = "<group>"; };
/* End PBXFileReference section */

/* Begin PBXFrameworksBuildPhase section */
		07939F8A2A343B8D00DFA8BB /* Frameworks */ = {
			isa = PBXFrameworksBuildPhase;
			buildActionMask = 2147483647;
			files = (
				07F359B82A347CA400F4EF16 /* Cuckoo in Frameworks */,
				07F359B12A34449B00F4EF16 /* Aespa in Frameworks */,
			);
			runOnlyForDeploymentPostprocessing = 0;
		};
		07939F9A2A343B8E00DFA8BB /* Frameworks */ = {
			isa = PBXFrameworksBuildPhase;
			buildActionMask = 2147483647;
			files = (
			);
			runOnlyForDeploymentPostprocessing = 0;
		};
		07939FA42A343B8E00DFA8BB /* Frameworks */ = {
			isa = PBXFrameworksBuildPhase;
			buildActionMask = 2147483647;
			files = (
			);
			runOnlyForDeploymentPostprocessing = 0;
		};
/* End PBXFrameworksBuildPhase section */

/* Begin PBXGroup section */
		07939F842A343B8D00DFA8BB = {
			isa = PBXGroup;
			children = (
				0795E11D2A35A0E9001AD4DC /* Packages */,
				07939F8F2A343B8D00DFA8BB /* Aespa-iOS-test */,
				07939FA02A343B8E00DFA8BB /* Aespa-iOS-testTests */,
				07939F8E2A343B8D00DFA8BB /* Products */,
				07F359AF2A34449B00F4EF16 /* Frameworks */,
			);
			sourceTree = "<group>";
		};
		07939F8E2A343B8D00DFA8BB /* Products */ = {
			isa = PBXGroup;
			children = (
				07939F8D2A343B8D00DFA8BB /* Aespa-iOS-test.app */,
				07939F9D2A343B8E00DFA8BB /* Aespa-iOS-testTests.xctest */,
				07939FA72A343B8E00DFA8BB /* Aespa-iOS-testUITests.xctest */,
			);
			name = Products;
			sourceTree = "<group>";
		};
		07939F8F2A343B8D00DFA8BB /* Aespa-iOS-test */ = {
			isa = PBXGroup;
			children = (
				07939F902A343B8D00DFA8BB /* Aespa_iOS_testApp.swift */,
				07939F922A343B8D00DFA8BB /* ContentView.swift */,
				07939F942A343B8E00DFA8BB /* Assets.xcassets */,
				07939F962A343B8E00DFA8BB /* Preview Content */,
			);
			path = "Aespa-iOS-test";
			sourceTree = "<group>";
		};
		07939F962A343B8E00DFA8BB /* Preview Content */ = {
			isa = PBXGroup;
			children = (
				07939F972A343B8E00DFA8BB /* Preview Assets.xcassets */,
			);
			path = "Preview Content";
			sourceTree = "<group>";
		};
		07939FA02A343B8E00DFA8BB /* Aespa-iOS-testTests */ = {
			isa = PBXGroup;
			children = (
				0795E11F2A35A2FC001AD4DC /* Tuner */,
				07F359AA2A3443EC00F4EF16 /* Mock */,
			);
			path = "Aespa-iOS-testTests";
			sourceTree = "<group>";
		};
		0795E11D2A35A0E9001AD4DC /* Packages */ = {
			isa = PBXGroup;
			children = (
				0795E11E2A35A0E9001AD4DC /* Aespa */,
			);
			name = Packages;
			sourceTree = "<group>";
		};
		0795E11F2A35A2FC001AD4DC /* Tuner */ = {
			isa = PBXGroup;
			children = (
				07F359BD2A3489C000F4EF16 /* SessionTunerTests.swift */,
			);
			path = Tuner;
			sourceTree = "<group>";
		};
		07F359AA2A3443EC00F4EF16 /* Mock */ = {
			isa = PBXGroup;
			children = (
				07F359B92A347DF600F4EF16 /* GeneratedMocks.swift */,
			);
			path = Mock;
			sourceTree = "<group>";
		};
		07F359AF2A34449B00F4EF16 /* Frameworks */ = {
			isa = PBXGroup;
			children = (
			);
			name = Frameworks;
			sourceTree = "<group>";
		};
/* End PBXGroup section */

/* Begin PBXNativeTarget section */
		07939F8C2A343B8D00DFA8BB /* Aespa-iOS-test */ = {
			isa = PBXNativeTarget;
			buildConfigurationList = 07939FB12A343B8E00DFA8BB /* Build configuration list for PBXNativeTarget "Aespa-iOS-test" */;
			buildPhases = (
				07939F892A343B8D00DFA8BB /* Sources */,
				07939F8A2A343B8D00DFA8BB /* Frameworks */,
				07939F8B2A343B8D00DFA8BB /* Resources */,
			);
			buildRules = (
			);
			dependencies = (
			);
			name = "Aespa-iOS-test";
			packageProductDependencies = (
				07F359B02A34449B00F4EF16 /* Aespa */,
				07F359B72A347CA400F4EF16 /* Cuckoo */,
			);
			productName = "Aespa-iOS-test";
			productReference = 07939F8D2A343B8D00DFA8BB /* Aespa-iOS-test.app */;
			productType = "com.apple.product-type.application";
		};
		07939F9C2A343B8E00DFA8BB /* Aespa-iOS-testTests */ = {
			isa = PBXNativeTarget;
			buildConfigurationList = 07939FB42A343B8E00DFA8BB /* Build configuration list for PBXNativeTarget "Aespa-iOS-testTests" */;
			buildPhases = (
				07939F992A343B8E00DFA8BB /* Sources */,
				07939F9A2A343B8E00DFA8BB /* Frameworks */,
				07939F9B2A343B8E00DFA8BB /* Resources */,
			);
			buildRules = (
			);
			dependencies = (
				07939F9F2A343B8E00DFA8BB /* PBXTargetDependency */,
			);
			name = "Aespa-iOS-testTests";
			productName = "Aespa-iOS-testTests";
			productReference = 07939F9D2A343B8E00DFA8BB /* Aespa-iOS-testTests.xctest */;
			productType = "com.apple.product-type.bundle.unit-test";
		};
		07939FA62A343B8E00DFA8BB /* Aespa-iOS-testUITests */ = {
			isa = PBXNativeTarget;
			buildConfigurationList = 07939FB72A343B8E00DFA8BB /* Build configuration list for PBXNativeTarget "Aespa-iOS-testUITests" */;
			buildPhases = (
				07939FA32A343B8E00DFA8BB /* Sources */,
				07939FA42A343B8E00DFA8BB /* Frameworks */,
				07939FA52A343B8E00DFA8BB /* Resources */,
			);
			buildRules = (
			);
			dependencies = (
				07939FA92A343B8E00DFA8BB /* PBXTargetDependency */,
			);
			name = "Aespa-iOS-testUITests";
			productName = "Aespa-iOS-testUITests";
			productReference = 07939FA72A343B8E00DFA8BB /* Aespa-iOS-testUITests.xctest */;
			productType = "com.apple.product-type.bundle.ui-testing";
		};
/* End PBXNativeTarget section */

/* Begin PBXProject section */
		07939F852A343B8D00DFA8BB /* Project object */ = {
			isa = PBXProject;
			attributes = {
				BuildIndependentTargetsInParallel = 1;
				LastSwiftUpdateCheck = 1430;
				LastUpgradeCheck = 1430;
				TargetAttributes = {
					07939F8C2A343B8D00DFA8BB = {
						CreatedOnToolsVersion = 14.3;
					};
					07939F9C2A343B8E00DFA8BB = {
						CreatedOnToolsVersion = 14.3;
						TestTargetID = 07939F8C2A343B8D00DFA8BB;
					};
					07939FA62A343B8E00DFA8BB = {
						CreatedOnToolsVersion = 14.3;
						TestTargetID = 07939F8C2A343B8D00DFA8BB;
					};
				};
			};
			buildConfigurationList = 07939F882A343B8D00DFA8BB /* Build configuration list for PBXProject "Aespa-iOS-test" */;
			compatibilityVersion = "Xcode 14.0";
			developmentRegion = en;
			hasScannedForEncodings = 0;
			knownRegions = (
				en,
				Base,
			);
			mainGroup = 07939F842A343B8D00DFA8BB;
			packageReferences = (
				07F359B62A347CA400F4EF16 /* XCRemoteSwiftPackageReference "Cuckoo" */,
			);
			productRefGroup = 07939F8E2A343B8D00DFA8BB /* Products */;
			projectDirPath = "";
			projectRoot = "";
			targets = (
				07939F8C2A343B8D00DFA8BB /* Aespa-iOS-test */,
				07939F9C2A343B8E00DFA8BB /* Aespa-iOS-testTests */,
				07939FA62A343B8E00DFA8BB /* Aespa-iOS-testUITests */,
			);
		};
/* End PBXProject section */

/* Begin PBXResourcesBuildPhase section */
		07939F8B2A343B8D00DFA8BB /* Resources */ = {
			isa = PBXResourcesBuildPhase;
			buildActionMask = 2147483647;
			files = (
				07939F982A343B8E00DFA8BB /* Preview Assets.xcassets in Resources */,
				07939F952A343B8E00DFA8BB /* Assets.xcassets in Resources */,
			);
			runOnlyForDeploymentPostprocessing = 0;
		};
		07939F9B2A343B8E00DFA8BB /* Resources */ = {
			isa = PBXResourcesBuildPhase;
			buildActionMask = 2147483647;
			files = (
			);
			runOnlyForDeploymentPostprocessing = 0;
		};
		07939FA52A343B8E00DFA8BB /* Resources */ = {
			isa = PBXResourcesBuildPhase;
			buildActionMask = 2147483647;
			files = (
			);
			runOnlyForDeploymentPostprocessing = 0;
		};
/* End PBXResourcesBuildPhase section */

/* Begin PBXSourcesBuildPhase section */
		07939F892A343B8D00DFA8BB /* Sources */ = {
			isa = PBXSourcesBuildPhase;
			buildActionMask = 2147483647;
			files = (
				07939F932A343B8D00DFA8BB /* ContentView.swift in Sources */,
				07939F912A343B8D00DFA8BB /* Aespa_iOS_testApp.swift in Sources */,
			);
			runOnlyForDeploymentPostprocessing = 0;
		};
		07939F992A343B8E00DFA8BB /* Sources */ = {
			isa = PBXSourcesBuildPhase;
			buildActionMask = 2147483647;
			files = (
				07F359BE2A3489C000F4EF16 /* SessionTunerTests.swift in Sources */,
				07F359BA2A347DF600F4EF16 /* GeneratedMocks.swift in Sources */,
			);
			runOnlyForDeploymentPostprocessing = 0;
		};
		07939FA32A343B8E00DFA8BB /* Sources */ = {
			isa = PBXSourcesBuildPhase;
			buildActionMask = 2147483647;
			files = (
			);
			runOnlyForDeploymentPostprocessing = 0;
		};
/* End PBXSourcesBuildPhase section */

/* Begin PBXTargetDependency section */
		07939F9F2A343B8E00DFA8BB /* PBXTargetDependency */ = {
			isa = PBXTargetDependency;
			target = 07939F8C2A343B8D00DFA8BB /* Aespa-iOS-test */;
			targetProxy = 07939F9E2A343B8E00DFA8BB /* PBXContainerItemProxy */;
		};
		07939FA92A343B8E00DFA8BB /* PBXTargetDependency */ = {
			isa = PBXTargetDependency;
			target = 07939F8C2A343B8D00DFA8BB /* Aespa-iOS-test */;
			targetProxy = 07939FA82A343B8E00DFA8BB /* PBXContainerItemProxy */;
		};
/* End PBXTargetDependency section */

/* Begin XCBuildConfiguration section */
		07939FAF2A343B8E00DFA8BB /* Debug */ = {
			isa = XCBuildConfiguration;
			buildSettings = {
				ALWAYS_SEARCH_USER_PATHS = NO;
				CLANG_ANALYZER_NONNULL = YES;
				CLANG_ANALYZER_NUMBER_OBJECT_CONVERSION = YES_AGGRESSIVE;
				CLANG_CXX_LANGUAGE_STANDARD = "gnu++20";
				CLANG_ENABLE_MODULES = YES;
				CLANG_ENABLE_OBJC_ARC = YES;
				CLANG_ENABLE_OBJC_WEAK = YES;
				CLANG_WARN_BLOCK_CAPTURE_AUTORELEASING = YES;
				CLANG_WARN_BOOL_CONVERSION = YES;
				CLANG_WARN_COMMA = YES;
				CLANG_WARN_CONSTANT_CONVERSION = YES;
				CLANG_WARN_DEPRECATED_OBJC_IMPLEMENTATIONS = YES;
				CLANG_WARN_DIRECT_OBJC_ISA_USAGE = YES_ERROR;
				CLANG_WARN_DOCUMENTATION_COMMENTS = YES;
				CLANG_WARN_EMPTY_BODY = YES;
				CLANG_WARN_ENUM_CONVERSION = YES;
				CLANG_WARN_INFINITE_RECURSION = YES;
				CLANG_WARN_INT_CONVERSION = YES;
				CLANG_WARN_NON_LITERAL_NULL_CONVERSION = YES;
				CLANG_WARN_OBJC_IMPLICIT_RETAIN_SELF = YES;
				CLANG_WARN_OBJC_LITERAL_CONVERSION = YES;
				CLANG_WARN_OBJC_ROOT_CLASS = YES_ERROR;
				CLANG_WARN_QUOTED_INCLUDE_IN_FRAMEWORK_HEADER = YES;
				CLANG_WARN_RANGE_LOOP_ANALYSIS = YES;
				CLANG_WARN_STRICT_PROTOTYPES = YES;
				CLANG_WARN_SUSPICIOUS_MOVE = YES;
				CLANG_WARN_UNGUARDED_AVAILABILITY = YES_AGGRESSIVE;
				CLANG_WARN_UNREACHABLE_CODE = YES;
				CLANG_WARN__DUPLICATE_METHOD_MATCH = YES;
				COPY_PHASE_STRIP = NO;
				DEBUG_INFORMATION_FORMAT = dwarf;
				ENABLE_STRICT_OBJC_MSGSEND = YES;
				ENABLE_TESTABILITY = YES;
				GCC_C_LANGUAGE_STANDARD = gnu11;
				GCC_DYNAMIC_NO_PIC = NO;
				GCC_NO_COMMON_BLOCKS = YES;
				GCC_OPTIMIZATION_LEVEL = 0;
				GCC_PREPROCESSOR_DEFINITIONS = (
					"DEBUG=1",
					"$(inherited)",
				);
				GCC_WARN_64_TO_32_BIT_CONVERSION = YES;
				GCC_WARN_ABOUT_RETURN_TYPE = YES_ERROR;
				GCC_WARN_UNDECLARED_SELECTOR = YES;
				GCC_WARN_UNINITIALIZED_AUTOS = YES_AGGRESSIVE;
				GCC_WARN_UNUSED_FUNCTION = YES;
				GCC_WARN_UNUSED_VARIABLE = YES;
				IPHONEOS_DEPLOYMENT_TARGET = 16.4;
				MTL_ENABLE_DEBUG_INFO = INCLUDE_SOURCE;
				MTL_FAST_MATH = YES;
				ONLY_ACTIVE_ARCH = YES;
				SDKROOT = iphoneos;
				SWIFT_ACTIVE_COMPILATION_CONDITIONS = DEBUG;
				SWIFT_OPTIMIZATION_LEVEL = "-Onone";
			};
			name = Debug;
		};
		07939FB02A343B8E00DFA8BB /* Release */ = {
			isa = XCBuildConfiguration;
			buildSettings = {
				ALWAYS_SEARCH_USER_PATHS = NO;
				CLANG_ANALYZER_NONNULL = YES;
				CLANG_ANALYZER_NUMBER_OBJECT_CONVERSION = YES_AGGRESSIVE;
				CLANG_CXX_LANGUAGE_STANDARD = "gnu++20";
				CLANG_ENABLE_MODULES = YES;
				CLANG_ENABLE_OBJC_ARC = YES;
				CLANG_ENABLE_OBJC_WEAK = YES;
				CLANG_WARN_BLOCK_CAPTURE_AUTORELEASING = YES;
				CLANG_WARN_BOOL_CONVERSION = YES;
				CLANG_WARN_COMMA = YES;
				CLANG_WARN_CONSTANT_CONVERSION = YES;
				CLANG_WARN_DEPRECATED_OBJC_IMPLEMENTATIONS = YES;
				CLANG_WARN_DIRECT_OBJC_ISA_USAGE = YES_ERROR;
				CLANG_WARN_DOCUMENTATION_COMMENTS = YES;
				CLANG_WARN_EMPTY_BODY = YES;
				CLANG_WARN_ENUM_CONVERSION = YES;
				CLANG_WARN_INFINITE_RECURSION = YES;
				CLANG_WARN_INT_CONVERSION = YES;
				CLANG_WARN_NON_LITERAL_NULL_CONVERSION = YES;
				CLANG_WARN_OBJC_IMPLICIT_RETAIN_SELF = YES;
				CLANG_WARN_OBJC_LITERAL_CONVERSION = YES;
				CLANG_WARN_OBJC_ROOT_CLASS = YES_ERROR;
				CLANG_WARN_QUOTED_INCLUDE_IN_FRAMEWORK_HEADER = YES;
				CLANG_WARN_RANGE_LOOP_ANALYSIS = YES;
				CLANG_WARN_STRICT_PROTOTYPES = YES;
				CLANG_WARN_SUSPICIOUS_MOVE = YES;
				CLANG_WARN_UNGUARDED_AVAILABILITY = YES_AGGRESSIVE;
				CLANG_WARN_UNREACHABLE_CODE = YES;
				CLANG_WARN__DUPLICATE_METHOD_MATCH = YES;
				COPY_PHASE_STRIP = NO;
				DEBUG_INFORMATION_FORMAT = "dwarf-with-dsym";
				ENABLE_NS_ASSERTIONS = NO;
				ENABLE_STRICT_OBJC_MSGSEND = YES;
				GCC_C_LANGUAGE_STANDARD = gnu11;
				GCC_NO_COMMON_BLOCKS = YES;
				GCC_WARN_64_TO_32_BIT_CONVERSION = YES;
				GCC_WARN_ABOUT_RETURN_TYPE = YES_ERROR;
				GCC_WARN_UNDECLARED_SELECTOR = YES;
				GCC_WARN_UNINITIALIZED_AUTOS = YES_AGGRESSIVE;
				GCC_WARN_UNUSED_FUNCTION = YES;
				GCC_WARN_UNUSED_VARIABLE = YES;
				IPHONEOS_DEPLOYMENT_TARGET = 16.4;
				MTL_ENABLE_DEBUG_INFO = NO;
				MTL_FAST_MATH = YES;
				SDKROOT = iphoneos;
				SWIFT_COMPILATION_MODE = wholemodule;
				SWIFT_OPTIMIZATION_LEVEL = "-O";
				VALIDATE_PRODUCT = YES;
			};
			name = Release;
		};
		07939FB22A343B8E00DFA8BB /* Debug */ = {
			isa = XCBuildConfiguration;
			buildSettings = {
				ASSETCATALOG_COMPILER_APPICON_NAME = AppIcon;
				ASSETCATALOG_COMPILER_GLOBAL_ACCENT_COLOR_NAME = AccentColor;
				CODE_SIGN_STYLE = Automatic;
				CURRENT_PROJECT_VERSION = 1;
				DEVELOPMENT_ASSET_PATHS = "\"Aespa-iOS-test/Preview Content\"";
				DEVELOPMENT_TEAM = W6QHM4Y43Z;
				ENABLE_PREVIEWS = YES;
				ENABLE_TESTING_SEARCH_PATHS = YES;
				GENERATE_INFOPLIST_FILE = YES;
				INFOPLIST_KEY_UIApplicationSceneManifest_Generation = YES;
				INFOPLIST_KEY_UIApplicationSupportsIndirectInputEvents = YES;
				INFOPLIST_KEY_UILaunchScreen_Generation = YES;
				INFOPLIST_KEY_UISupportedInterfaceOrientations_iPad = "UIInterfaceOrientationPortrait UIInterfaceOrientationPortraitUpsideDown UIInterfaceOrientationLandscapeLeft UIInterfaceOrientationLandscapeRight";
				INFOPLIST_KEY_UISupportedInterfaceOrientations_iPhone = "UIInterfaceOrientationPortrait UIInterfaceOrientationLandscapeLeft UIInterfaceOrientationLandscapeRight";
				LD_RUNPATH_SEARCH_PATHS = (
					"$(inherited)",
					"@executable_path/Frameworks",
				);
				MARKETING_VERSION = 1.0;
				PRODUCT_BUNDLE_IDENTIFIER = "com.enebin.Aespa-iOS-test";
				PRODUCT_NAME = "$(TARGET_NAME)";
				SUPPORTED_PLATFORMS = "iphoneos iphonesimulator";
				SUPPORTS_MACCATALYST = NO;
				SUPPORTS_MAC_DESIGNED_FOR_IPHONE_IPAD = NO;
				SWIFT_EMIT_LOC_STRINGS = YES;
				SWIFT_VERSION = 5.0;
				TARGETED_DEVICE_FAMILY = "1,2";
			};
			name = Debug;
		};
		07939FB32A343B8E00DFA8BB /* Release */ = {
			isa = XCBuildConfiguration;
			buildSettings = {
				ASSETCATALOG_COMPILER_APPICON_NAME = AppIcon;
				ASSETCATALOG_COMPILER_GLOBAL_ACCENT_COLOR_NAME = AccentColor;
				CODE_SIGN_STYLE = Automatic;
				CURRENT_PROJECT_VERSION = 1;
				DEVELOPMENT_ASSET_PATHS = "\"Aespa-iOS-test/Preview Content\"";
				DEVELOPMENT_TEAM = W6QHM4Y43Z;
				ENABLE_PREVIEWS = YES;
				ENABLE_TESTING_SEARCH_PATHS = YES;
				GENERATE_INFOPLIST_FILE = YES;
				INFOPLIST_KEY_UIApplicationSceneManifest_Generation = YES;
				INFOPLIST_KEY_UIApplicationSupportsIndirectInputEvents = YES;
				INFOPLIST_KEY_UILaunchScreen_Generation = YES;
				INFOPLIST_KEY_UISupportedInterfaceOrientations_iPad = "UIInterfaceOrientationPortrait UIInterfaceOrientationPortraitUpsideDown UIInterfaceOrientationLandscapeLeft UIInterfaceOrientationLandscapeRight";
				INFOPLIST_KEY_UISupportedInterfaceOrientations_iPhone = "UIInterfaceOrientationPortrait UIInterfaceOrientationLandscapeLeft UIInterfaceOrientationLandscapeRight";
				LD_RUNPATH_SEARCH_PATHS = (
					"$(inherited)",
					"@executable_path/Frameworks",
				);
				MARKETING_VERSION = 1.0;
				PRODUCT_BUNDLE_IDENTIFIER = "com.enebin.Aespa-iOS-test";
				PRODUCT_NAME = "$(TARGET_NAME)";
				SUPPORTED_PLATFORMS = "iphoneos iphonesimulator";
				SUPPORTS_MACCATALYST = NO;
				SUPPORTS_MAC_DESIGNED_FOR_IPHONE_IPAD = NO;
				SWIFT_EMIT_LOC_STRINGS = YES;
				SWIFT_VERSION = 5.0;
				TARGETED_DEVICE_FAMILY = "1,2";
			};
			name = Release;
		};
		07939FB52A343B8E00DFA8BB /* Debug */ = {
			isa = XCBuildConfiguration;
			buildSettings = {
				ALWAYS_EMBED_SWIFT_STANDARD_LIBRARIES = YES;
				BUNDLE_LOADER = "$(TEST_HOST)";
				CODE_SIGN_STYLE = Automatic;
				CURRENT_PROJECT_VERSION = 1;
				DEVELOPMENT_TEAM = W6QHM4Y43Z;
				GENERATE_INFOPLIST_FILE = YES;
				IPHONEOS_DEPLOYMENT_TARGET = 16.4;
				MARKETING_VERSION = 1.0;
				PRODUCT_BUNDLE_IDENTIFIER = "com.enebin.Aespa-iOS-testTests";
				PRODUCT_NAME = "$(TARGET_NAME)";
				SWIFT_EMIT_LOC_STRINGS = NO;
				SWIFT_VERSION = 5.0;
				TARGETED_DEVICE_FAMILY = "1,2";
				TEST_HOST = "$(BUILT_PRODUCTS_DIR)/Aespa-iOS-test.app/$(BUNDLE_EXECUTABLE_FOLDER_PATH)/Aespa-iOS-test";
			};
			name = Debug;
		};
		07939FB62A343B8E00DFA8BB /* Release */ = {
			isa = XCBuildConfiguration;
			buildSettings = {
				ALWAYS_EMBED_SWIFT_STANDARD_LIBRARIES = YES;
				BUNDLE_LOADER = "$(TEST_HOST)";
				CODE_SIGN_STYLE = Automatic;
				CURRENT_PROJECT_VERSION = 1;
				DEVELOPMENT_TEAM = W6QHM4Y43Z;
				GENERATE_INFOPLIST_FILE = YES;
				IPHONEOS_DEPLOYMENT_TARGET = 16.4;
				MARKETING_VERSION = 1.0;
				PRODUCT_BUNDLE_IDENTIFIER = "com.enebin.Aespa-iOS-testTests";
				PRODUCT_NAME = "$(TARGET_NAME)";
				SWIFT_EMIT_LOC_STRINGS = NO;
				SWIFT_VERSION = 5.0;
				TARGETED_DEVICE_FAMILY = "1,2";
				TEST_HOST = "$(BUILT_PRODUCTS_DIR)/Aespa-iOS-test.app/$(BUNDLE_EXECUTABLE_FOLDER_PATH)/Aespa-iOS-test";
			};
			name = Release;
		};
		07939FB82A343B8E00DFA8BB /* Debug */ = {
			isa = XCBuildConfiguration;
			buildSettings = {
				ALWAYS_EMBED_SWIFT_STANDARD_LIBRARIES = YES;
				CODE_SIGN_STYLE = Automatic;
				CURRENT_PROJECT_VERSION = 1;
				DEVELOPMENT_TEAM = W6QHM4Y43Z;
				GENERATE_INFOPLIST_FILE = YES;
				MARKETING_VERSION = 1.0;
				PRODUCT_BUNDLE_IDENTIFIER = "com.enebin.Aespa-iOS-testUITests";
				PRODUCT_NAME = "$(TARGET_NAME)";
				SWIFT_EMIT_LOC_STRINGS = NO;
				SWIFT_VERSION = 5.0;
				TARGETED_DEVICE_FAMILY = "1,2";
				TEST_TARGET_NAME = "Aespa-iOS-test";
			};
			name = Debug;
		};
		07939FB92A343B8E00DFA8BB /* Release */ = {
			isa = XCBuildConfiguration;
			buildSettings = {
				ALWAYS_EMBED_SWIFT_STANDARD_LIBRARIES = YES;
				CODE_SIGN_STYLE = Automatic;
				CURRENT_PROJECT_VERSION = 1;
				DEVELOPMENT_TEAM = W6QHM4Y43Z;
				GENERATE_INFOPLIST_FILE = YES;
				MARKETING_VERSION = 1.0;
				PRODUCT_BUNDLE_IDENTIFIER = "com.enebin.Aespa-iOS-testUITests";
				PRODUCT_NAME = "$(TARGET_NAME)";
				SWIFT_EMIT_LOC_STRINGS = NO;
				SWIFT_VERSION = 5.0;
				TARGETED_DEVICE_FAMILY = "1,2";
				TEST_TARGET_NAME = "Aespa-iOS-test";
			};
			name = Release;
		};
/* End XCBuildConfiguration section */

/* Begin XCConfigurationList section */
		07939F882A343B8D00DFA8BB /* Build configuration list for PBXProject "Aespa-iOS-test" */ = {
			isa = XCConfigurationList;
			buildConfigurations = (
				07939FAF2A343B8E00DFA8BB /* Debug */,
				07939FB02A343B8E00DFA8BB /* Release */,
			);
			defaultConfigurationIsVisible = 0;
			defaultConfigurationName = Release;
		};
		07939FB12A343B8E00DFA8BB /* Build configuration list for PBXNativeTarget "Aespa-iOS-test" */ = {
			isa = XCConfigurationList;
			buildConfigurations = (
				07939FB22A343B8E00DFA8BB /* Debug */,
				07939FB32A343B8E00DFA8BB /* Release */,
			);
			defaultConfigurationIsVisible = 0;
			defaultConfigurationName = Release;
		};
		07939FB42A343B8E00DFA8BB /* Build configuration list for PBXNativeTarget "Aespa-iOS-testTests" */ = {
			isa = XCConfigurationList;
			buildConfigurations = (
				07939FB52A343B8E00DFA8BB /* Debug */,
				07939FB62A343B8E00DFA8BB /* Release */,
			);
			defaultConfigurationIsVisible = 0;
			defaultConfigurationName = Release;
		};
		07939FB72A343B8E00DFA8BB /* Build configuration list for PBXNativeTarget "Aespa-iOS-testUITests" */ = {
			isa = XCConfigurationList;
			buildConfigurations = (
				07939FB82A343B8E00DFA8BB /* Debug */,
				07939FB92A343B8E00DFA8BB /* Release */,
			);
			defaultConfigurationIsVisible = 0;
			defaultConfigurationName = Release;
		};
/* End XCConfigurationList section */

/* Begin XCRemoteSwiftPackageReference section */
		07F359B62A347CA400F4EF16 /* XCRemoteSwiftPackageReference "Cuckoo" */ = {
			isa = XCRemoteSwiftPackageReference;
			repositoryURL = "https://github.com/Brightify/Cuckoo";
			requirement = {
				kind = upToNextMinorVersion;
				minimumVersion = 1.10.0;
			};
		};
/* End XCRemoteSwiftPackageReference section */

/* Begin XCSwiftPackageProductDependency section */
		07F359B02A34449B00F4EF16 /* Aespa */ = {
			isa = XCSwiftPackageProductDependency;
			productName = Aespa;
		};
		07F359B72A347CA400F4EF16 /* Cuckoo */ = {
			isa = XCSwiftPackageProductDependency;
			package = 07F359B62A347CA400F4EF16 /* XCRemoteSwiftPackageReference "Cuckoo" */;
			productName = Cuckoo;
		};
/* End XCSwiftPackageProductDependency section */
	};
	rootObject = 07939F852A343B8D00DFA8BB /* Project object */;
}
